PODS:
  - Alamofire (5.9.1)
  - AppAuth (1.7.5):
    - AppAuth/Core (= 1.7.5)
    - AppAuth/ExternalUserAgent (= 1.7.5)
  - AppAuth/Core (1.7.5)
  - AppAuth/ExternalUserAgent (1.7.5):
    - AppAuth/Core
  - Capacitor (5.7.8):
    - CapacitorCordova
  - CapacitorApp (5.0.8):
    - Capacitor
  - CapacitorCamera (5.0.10):
    - Capacitor
  - CapacitorCommunityFacebookLogin (5.0.3):
    - Capacitor
    - FBSDKCoreKit (= 16.1.3)
    - FBSDKLoginKit (= 16.1.3)
  - CapacitorCordova (5.7.8)
  - CapacitorFilesystem (5.2.2):
    - Capacitor
  - CapacitorSecureStoragePlugin (0.10.0):
    - Capacitor
    - SwiftKeychainWrapper
  - CapacitorStatusBar (6.0.1):
    - Capacitor
  - CapacitorStorage (1.2.5):
    - Capacitor
  - CapgoCapacitorUpdater (5.9.5):
    - Alamofire
    - Capacitor
    - SSZipArchive
    - Version
  - CodetrixStudioCapacitorGoogleAuth (0.0.1):
    - Capacitor
    - GoogleSignIn (~> 6.2.4)
  - CordovaPluginsStatic (5.0.3):
    - CapacitorCordova
    - OneSignalXCFramework (= 5.2.3)
  - FBAEMKit (16.1.3):
    - FBSDKCoreKit_Basics (= 16.1.3)
  - FBSDKCoreKit (16.1.3):
    - FBAEMKit (= 16.1.3)
    - FBSDKCoreKit_Basics (= 16.1.3)
  - FBSDKCoreKit_Basics (16.1.3)
  - FBSDKLoginKit (16.1.3):
    - FBSDKCoreKit (= 16.1.3)
  - GoogleSignIn (6.2.4):
    - AppAuth (~> 1.5)
    - GTMAppAuth (~> 1.3)
    - GTMSessionFetcher/Core (< 3.0, >= 1.1)
  - GTMAppAuth (1.3.1):
    - AppAuth/Core (~> 1.6)
    - GTMSessionFetcher/Core (< 3.0, >= 1.5)
  - GTMSessionFetcher/Core (2.3.0)
  - OneSignalXCFramework (5.2.3):
    - OneSignalXCFramework/OneSignalComplete (= 5.2.3)
  - OneSignalXCFramework/OneSignal (5.2.3):
    - OneSignalXCFramework/OneSignalCore
    - OneSignalXCFramework/OneSignalExtension
    - OneSignalXCFramework/OneSignalLiveActivities
    - OneSignalXCFramework/OneSignalNotifications
    - OneSignalXCFramework/OneSignalOSCore
    - OneSignalXCFramework/OneSignalOutcomes
    - OneSignalXCFramework/OneSignalUser
  - OneSignalXCFramework/OneSignalComplete (5.2.3):
    - OneSignalXCFramework/OneSignal
    - OneSignalXCFramework/OneSignalInAppMessages
    - OneSignalXCFramework/OneSignalLocation
  - OneSignalXCFramework/OneSignalCore (5.2.3)
  - OneSignalXCFramework/OneSignalExtension (5.2.3):
    - OneSignalXCFramework/OneSignalCore
    - OneSignalXCFramework/OneSignalOutcomes
  - OneSignalXCFramework/OneSignalInAppMessages (5.2.3):
    - OneSignalXCFramework/OneSignalCore
    - OneSignalXCFramework/OneSignalNotifications
    - OneSignalXCFramework/OneSignalOSCore
    - OneSignalXCFramework/OneSignalOutcomes
    - OneSignalXCFramework/OneSignalUser
  - OneSignalXCFramework/OneSignalLiveActivities (5.2.3):
    - OneSignalXCFramework/OneSignalCore
    - OneSignalXCFramework/OneSignalOSCore
    - OneSignalXCFramework/OneSignalUser
  - OneSignalXCFramework/OneSignalLocation (5.2.3):
    - OneSignalXCFramework/OneSignalCore
    - OneSignalXCFramework/OneSignalNotifications
    - OneSignalXCFramework/OneSignalOSCore
    - OneSignalXCFramework/OneSignalUser
  - OneSignalXCFramework/OneSignalNotifications (5.2.3):
    - OneSignalXCFramework/OneSignalCore
    - OneSignalXCFramework/OneSignalExtension
    - OneSignalXCFramework/OneSignalOutcomes
  - OneSignalXCFramework/OneSignalOSCore (5.2.3):
    - OneSignalXCFramework/OneSignalCore
  - OneSignalXCFramework/OneSignalOutcomes (5.2.3):
    - OneSignalXCFramework/OneSignalCore
  - OneSignalXCFramework/OneSignalUser (5.2.3):
    - OneSignalXCFramework/OneSignalCore
    - OneSignalXCFramework/OneSignalNotifications
    - OneSignalXCFramework/OneSignalOSCore
    - OneSignalXCFramework/OneSignalOutcomes
  - SSZipArchive (2.4.3)
  - SwiftKeychainWrapper (4.0.1)
  - Version (0.8.0)

DEPENDENCIES:
  - "Capacitor (from `../../node_modules/@capacitor/ios`)"
  - "CapacitorApp (from `../../node_modules/@capacitor/app`)"
  - "CapacitorCamera (from `../../node_modules/@capacitor/camera`)"
  - "CapacitorCommunityFacebookLogin (from `../../node_modules/@capacitor-community/facebook-login`)"
  - "CapacitorCordova (from `../../node_modules/@capacitor/ios`)"
  - "CapacitorFilesystem (from `../../node_modules/@capacitor/filesystem`)"
  - CapacitorSecureStoragePlugin (from `../../node_modules/capacitor-secure-storage-plugin`)
  - "CapacitorStatusBar (from `../../node_modules/@capacitor/status-bar`)"
  - "CapacitorStorage (from `../../node_modules/@capacitor/storage`)"
  - "CapgoCapacitorUpdater (from `../../node_modules/@capgo/capacitor-updater`)"
  - "CodetrixStudioCapacitorGoogleAuth (from `../../node_modules/@codetrix-studio/capacitor-google-auth`)"
  - CordovaPluginsStatic (from `../capacitor-cordova-ios-plugins`)
  - OneSignalXCFramework (< 6.0, >= 5.0)

SPEC REPOS:
  trunk:
    - Alamofire
    - AppAuth
    - FBAEMKit
    - FBSDKCoreKit
    - FBSDKCoreKit_Basics
    - FBSDKLoginKit
    - GoogleSignIn
    - GTMAppAuth
    - GTMSessionFetcher
    - OneSignalXCFramework
    - SSZipArchive
    - SwiftKeychainWrapper
    - Version

EXTERNAL SOURCES:
  Capacitor:
    :path: "../../node_modules/@capacitor/ios"
  CapacitorApp:
    :path: "../../node_modules/@capacitor/app"
  CapacitorCamera:
    :path: "../../node_modules/@capacitor/camera"
  CapacitorCommunityFacebookLogin:
    :path: "../../node_modules/@capacitor-community/facebook-login"
  CapacitorCordova:
    :path: "../../node_modules/@capacitor/ios"
  CapacitorFilesystem:
    :path: "../../node_modules/@capacitor/filesystem"
  CapacitorSecureStoragePlugin:
    :path: "../../node_modules/capacitor-secure-storage-plugin"
  CapacitorStatusBar:
    :path: "../../node_modules/@capacitor/status-bar"
  CapacitorStorage:
    :path: "../../node_modules/@capacitor/storage"
  CapgoCapacitorUpdater:
    :path: "../../node_modules/@capgo/capacitor-updater"
  CodetrixStudioCapacitorGoogleAuth:
    :path: "../../node_modules/@codetrix-studio/capacitor-google-auth"
  CordovaPluginsStatic:
    :path: "../capacitor-cordova-ios-plugins"

SPEC CHECKSUMS:
  Alamofire: f36a35757af4587d8e4f4bfa223ad10be2422b8c
  AppAuth: 501c04eda8a8d11f179dbe8637b7a91bb7e5d2fa
  Capacitor: 747aadb4fa786f460d8cd9d0557cb81440a13747
  CapacitorApp: 102e553c3b1fdc255969c39aa19b529675690ef4
  CapacitorCamera: d333715364b5d85422c627aae6db87ef6161352c
  CapacitorCommunityFacebookLogin: c0e2bb54cb567d90443a80ae20569fdac0df3f89
  CapacitorCordova: 31ab98dca2ddcee051027a1afe7e8c85c82f7297
  CapacitorFilesystem: 202b158a878462ab4f401d0eb4d9644c67927333
  CapacitorSecureStoragePlugin: ced6025438fbbdbfb9fffec4398e748572fc147b
  CapacitorStatusBar: b81d4fb5d4e0064c712018071b3ab4b810b39a63
  CapacitorStorage: 63255170c2f7e9f7363b3e5e015584e6d18f2969
  CapgoCapacitorUpdater: 536adda29c5dad1ba1bbd5f489b85c3857a45754
  CodetrixStudioCapacitorGoogleAuth: fcce058390347c1ce5d8ac4764bdf1f5c1ee233b
  CordovaPluginsStatic: 5923645297ba92f2e3d0f46bcb6f7e39abebc2fc
  FBAEMKit: af2972f39bb0f3f7c45998f435b007833c32ffb2
  FBSDKCoreKit: 19e2e18b3be578d7a51fed8fdd8c152bef0b9511
  FBSDKCoreKit_Basics: dd9826ce3c9fd9f8cdf8dbbd0ef0a53e6c0c9e7e
  FBSDKLoginKit: c395c63a1a6cf4a8a1e6103fd94b8c46329ee81c
  GoogleSignIn: 5651ce3a61e56ca864160e79b484cd9ed3f49b7a
  GTMAppAuth: 0ff230db599948a9ad7470ca667337803b3fc4dd
  GTMSessionFetcher: 3a63d75eecd6aa32c2fc79f578064e1214dfdec2
  OneSignalXCFramework: 356e59953e157f6e45a7fdfc863073b3168b2d01
  SSZipArchive: fe6a26b2a54d5a0890f2567b5cc6de5caa600aef
  SwiftKeychainWrapper: 807ba1d63c33a7d0613288512399cd1eda1e470c
  Version: de5907f2c5d0f3cf21708db7801d1d5401139486

PODFILE CHECKSUM: 6dd1a3bb2b87af65b6866ad3539f8bf0a63e823b

COCOAPODS: 1.15.2
